// !$*UTF8*$!
{
	archiveVersion = 1;
	classes = {
	};
	objectVersion = 50;
	objects = {

/* Begin PBXBuildFile section */
		B50FF0F1268B14C700F49BB6 /* MainTabController.swift in Sources */ = {isa = PBXBuildFile; fileRef = B50FF0F0268B14C700F49BB6 /* MainTabController.swift */; };
		B50FF0F3268B190500F49BB6 /* FeedController.swift in Sources */ = {isa = PBXBuildFile; fileRef = B50FF0F2268B190500F49BB6 /* FeedController.swift */; };
		B50FF0F5268B1A6600F49BB6 /* ExploreController.swift in Sources */ = {isa = PBXBuildFile; fileRef = B50FF0F4268B1A6600F49BB6 /* ExploreController.swift */; };
		B50FF0F7268B1A7300F49BB6 /* NotificationsController.swift in Sources */ = {isa = PBXBuildFile; fileRef = B50FF0F6268B1A7300F49BB6 /* NotificationsController.swift */; };
		B50FF0F9268B1A8A00F49BB6 /* ConversationsController.swift in Sources */ = {isa = PBXBuildFile; fileRef = B50FF0F8268B1A8A00F49BB6 /* ConversationsController.swift */; };
		B5690E05268B0D88008D93F8 /* AppDelegate.swift in Sources */ = {isa = PBXBuildFile; fileRef = B5690E04268B0D88008D93F8 /* AppDelegate.swift */; };
		B5690E07268B0D88008D93F8 /* SceneDelegate.swift in Sources */ = {isa = PBXBuildFile; fileRef = B5690E06268B0D88008D93F8 /* SceneDelegate.swift */; };
		B5690E0C268B0D88008D93F8 /* Main.storyboard in Resources */ = {isa = PBXBuildFile; fileRef = B5690E0A268B0D88008D93F8 /* Main.storyboard */; };
		B5690E0E268B0D89008D93F8 /* Assets.xcassets in Resources */ = {isa = PBXBuildFile; fileRef = B5690E0D268B0D89008D93F8 /* Assets.xcassets */; };
		B5690E11268B0D89008D93F8 /* LaunchScreen.storyboard in Resources */ = {isa = PBXBuildFile; fileRef = B5690E0F268B0D89008D93F8 /* LaunchScreen.storyboard */; };
/* End PBXBuildFile section */

/* Begin PBXFileReference section */
		B50FF0F0268B14C700F49BB6 /* MainTabController.swift */ = {isa = PBXFileReference; lastKnownFileType = sourcecode.swift; path = MainTabController.swift; sourceTree = "<group>"; };
		B50FF0F2268B190500F49BB6 /* FeedController.swift */ = {isa = PBXFileReference; lastKnownFileType = sourcecode.swift; path = FeedController.swift; sourceTree = "<group>"; };
		B50FF0F4268B1A6600F49BB6 /* ExploreController.swift */ = {isa = PBXFileReference; lastKnownFileType = sourcecode.swift; path = ExploreController.swift; sourceTree = "<group>"; };
		B50FF0F6268B1A7300F49BB6 /* NotificationsController.swift */ = {isa = PBXFileReference; lastKnownFileType = sourcecode.swift; path = NotificationsController.swift; sourceTree = "<group>"; };
		B50FF0F8268B1A8A00F49BB6 /* ConversationsController.swift */ = {isa = PBXFileReference; lastKnownFileType = sourcecode.swift; path = ConversationsController.swift; sourceTree = "<group>"; };
		B5690E01268B0D88008D93F8 /* Twitter.app */ = {isa = PBXFileReference; explicitFileType = wrapper.application; includeInIndex = 0; path = Twitter.app; sourceTree = BUILT_PRODUCTS_DIR; };
		B5690E04268B0D88008D93F8 /* AppDelegate.swift */ = {isa = PBXFileReference; lastKnownFileType = sourcecode.swift; path = AppDelegate.swift; sourceTree = "<group>"; };
		B5690E06268B0D88008D93F8 /* SceneDelegate.swift */ = {isa = PBXFileReference; lastKnownFileType = sourcecode.swift; path = SceneDelegate.swift; sourceTree = "<group>"; };
		B5690E0B268B0D88008D93F8 /* Base */ = {isa = PBXFileReference; lastKnownFileType = file.storyboard; name = Base; path = Base.lproj/Main.storyboard; sourceTree = "<group>"; };
		B5690E0D268B0D89008D93F8 /* Assets.xcassets */ = {isa = PBXFileReference; lastKnownFileType = folder.assetcatalog; path = Assets.xcassets; sourceTree = "<group>"; };
		B5690E10268B0D89008D93F8 /* Base */ = {isa = PBXFileReference; lastKnownFileType = file.storyboard; name = Base; path = Base.lproj/LaunchScreen.storyboard; sourceTree = "<group>"; };
		B5690E12268B0D89008D93F8 /* Info.plist */ = {isa = PBXFileReference; lastKnownFileType = text.plist.xml; path = Info.plist; sourceTree = "<group>"; };
/* End PBXFileReference section */

/* Begin PBXFrameworksBuildPhase section */
		B5690DFE268B0D88008D93F8 /* Frameworks */ = {
			isa = PBXFrameworksBuildPhase;
			buildActionMask = 2147483647;
			files = (
			);
			runOnlyForDeploymentPostprocessing = 0;
		};
/* End PBXFrameworksBuildPhase section */

/* Begin PBXGroup section */
		B50FF0EA268B135200F49BB6 /* Model */ = {
			isa = PBXGroup;
			children = (
			);
			path = Model;
			sourceTree = "<group>";
		};
		B50FF0EB268B135A00F49BB6 /* View */ = {
			isa = PBXGroup;
			children = (
			);
			path = View;
			sourceTree = "<group>";
		};
		B50FF0EC268B136800F49BB6 /* ViewModel */ = {
			isa = PBXGroup;
			children = (
			);
			path = ViewModel;
			sourceTree = "<group>";
		};
		B50FF0ED268B138300F49BB6 /* Controller */ = {
			isa = PBXGroup;
			children = (
				B50FF0F0268B14C700F49BB6 /* MainTabController.swift */,
				B50FF0F2268B190500F49BB6 /* FeedController.swift */,
				B50FF0F4268B1A6600F49BB6 /* ExploreController.swift */,
				B50FF0F6268B1A7300F49BB6 /* NotificationsController.swift */,
				B50FF0F8268B1A8A00F49BB6 /* ConversationsController.swift */,
			);
			path = Controller;
			sourceTree = "<group>";
		};
		B50FF0EE268B138F00F49BB6 /* API */ = {
			isa = PBXGroup;
			children = (
			);
			path = API;
			sourceTree = "<group>";
		};
		B50FF0EF268B139900F49BB6 /* Utils */ = {
			isa = PBXGroup;
			children = (
			);
			path = Utils;
			sourceTree = "<group>";
		};
		B5690DF8268B0D88008D93F8 = {
			isa = PBXGroup;
			children = (
				B5690E03268B0D88008D93F8 /* Twitter */,
				B5690E02268B0D88008D93F8 /* Products */,
			);
			sourceTree = "<group>";
		};
		B5690E02268B0D88008D93F8 /* Products */ = {
			isa = PBXGroup;
			children = (
				B5690E01268B0D88008D93F8 /* Twitter.app */,
			);
			name = Products;
			sourceTree = "<group>";
		};
		B5690E03268B0D88008D93F8 /* Twitter */ = {
			isa = PBXGroup;
			children = (
				B50FF0EF268B139900F49BB6 /* Utils */,
				B50FF0EE268B138F00F49BB6 /* API */,
				B50FF0ED268B138300F49BB6 /* Controller */,
				B50FF0EC268B136800F49BB6 /* ViewModel */,
				B50FF0EA268B135200F49BB6 /* Model */,
				B50FF0EB268B135A00F49BB6 /* View */,
				B5690E04268B0D88008D93F8 /* AppDelegate.swift */,
				B5690E06268B0D88008D93F8 /* SceneDelegate.swift */,
				B5690E0A268B0D88008D93F8 /* Main.storyboard */,
				B5690E0D268B0D89008D93F8 /* Assets.xcassets */,
				B5690E0F268B0D89008D93F8 /* LaunchScreen.storyboard */,
				B5690E12268B0D89008D93F8 /* Info.plist */,
			);
			path = Twitter;
			sourceTree = "<group>";
		};
/* End PBXGroup section */

/* Begin PBXNativeTarget section */
		B5690E00268B0D88008D93F8 /* Twitter */ = {
			isa = PBXNativeTarget;
			buildConfigurationList = B5690E15268B0D89008D93F8 /* Build configuration list for PBXNativeTarget "Twitter" */;
			buildPhases = (
				B5690DFD268B0D88008D93F8 /* Sources */,
				B5690DFE268B0D88008D93F8 /* Frameworks */,
				B5690DFF268B0D88008D93F8 /* Resources */,
			);
			buildRules = (
			);
			dependencies = (
			);
			name = Twitter;
			productName = Twitter;
			productReference = B5690E01268B0D88008D93F8 /* Twitter.app */;
			productType = "com.apple.product-type.application";
		};
/* End PBXNativeTarget section */

/* Begin PBXProject section */
		B5690DF9268B0D88008D93F8 /* Project object */ = {
			isa = PBXProject;
			attributes = {
				LastSwiftUpdateCheck = 1250;
				LastUpgradeCheck = 1250;
				TargetAttributes = {
					B5690E00268B0D88008D93F8 = {
						CreatedOnToolsVersion = 12.5;
					};
				};
			};
			buildConfigurationList = B5690DFC268B0D88008D93F8 /* Build configuration list for PBXProject "Twitter" */;
			compatibilityVersion = "Xcode 9.3";
			developmentRegion = en;
			hasScannedForEncodings = 0;
			knownRegions = (
				en,
				Base,
			);
			mainGroup = B5690DF8268B0D88008D93F8;
			productRefGroup = B5690E02268B0D88008D93F8 /* Products */;
			projectDirPath = "";
			projectRoot = "";
			targets = (
				B5690E00268B0D88008D93F8 /* Twitter */,
			);
		};
/* End PBXProject section */

/* Begin PBXResourcesBuildPhase section */
		B5690DFF268B0D88008D93F8 /* Resources */ = {
			isa = PBXResourcesBuildPhase;
			buildActionMask = 2147483647;
			files = (
				B5690E11268B0D89008D93F8 /* LaunchScreen.storyboard in Resources */,
				B5690E0E268B0D89008D93F8 /* Assets.xcassets in Resources */,
				B5690E0C268B0D88008D93F8 /* Main.storyboard in Resources */,
			);
			runOnlyForDeploymentPostprocessing = 0;
		};
/* End PBXResourcesBuildPhase section */

/* Begin PBXSourcesBuildPhase section */
		B5690DFD268B0D88008D93F8 /* Sources */ = {
			isa = PBXSourcesBuildPhase;
			buildActionMask = 2147483647;
			files = (
				B50FF0F7268B1A7300F49BB6 /* NotificationsController.swift in Sources */,
				B50FF0F9268B1A8A00F49BB6 /* ConversationsController.swift in Sources */,
				B5690E05268B0D88008D93F8 /* AppDelegate.swift in Sources */,
				B50FF0F5268B1A6600F49BB6 /* ExploreController.swift in Sources */,
				B50FF0F1268B14C700F49BB6 /* MainTabController.swift in Sources */,
				B5690E07268B0D88008D93F8 /* SceneDelegate.swift in Sources */,
				B50FF0F3268B190500F49BB6 /* FeedController.swift in Sources */,
			);
			runOnlyForDeploymentPostprocessing = 0;
		};
/* End PBXSourcesBuildPhase section */

/* Begin PBXVariantGroup section */
		B5690E0A268B0D88008D93F8 /* Main.storyboard */ = {
			isa = PBXVariantGroup;
			children = (
				B5690E0B268B0D88008D93F8 /* Base */,
			);
			name = Main.storyboard;
			sourceTree = "<group>";
		};
		B5690E0F268B0D89008D93F8 /* LaunchScreen.storyboard */ = {
			isa = PBXVariantGroup;
			children = (
				B5690E10268B0D89008D93F8 /* Base */,
			);
			name = LaunchScreen.storyboard;
			sourceTree = "<group>";
		};
/* End PBXVariantGroup section */

/* Begin XCBuildConfiguration section */
		B5690E13268B0D89008D93F8 /* Debug */ = {
			isa = XCBuildConfiguration;
			buildSettings = {
				ALWAYS_SEARCH_USER_PATHS = NO;
				CLANG_ANALYZER_NONNULL = YES;
				CLANG_ANALYZER_NUMBER_OBJECT_CONVERSION = YES_AGGRESSIVE;
				CLANG_CXX_LANGUAGE_STANDARD = "gnu++14";
				CLANG_CXX_LIBRARY = "libc++";
				CLANG_ENABLE_MODULES = YES;
				CLANG_ENABLE_OBJC_ARC = YES;
				CLANG_ENABLE_OBJC_WEAK = YES;
				CLANG_WARN_BLOCK_CAPTURE_AUTORELEASING = YES;
				CLANG_WARN_BOOL_CONVERSION = YES;
				CLANG_WARN_COMMA = YES;
				CLANG_WARN_CONSTANT_CONVERSION = YES;
				CLANG_WARN_DEPRECATED_OBJC_IMPLEMENTATIONS = YES;
				CLANG_WARN_DIRECT_OBJC_ISA_USAGE = YES_ERROR;
				CLANG_WARN_DOCUMENTATION_COMMENTS = YES;
				CLANG_WARN_EMPTY_BODY = YES;
				CLANG_WARN_ENUM_CONVERSION = YES;
				CLANG_WARN_INFINITE_RECURSION = YES;
				CLANG_WARN_INT_CONVERSION = YES;
				CLANG_WARN_NON_LITERAL_NULL_CONVERSION = YES;
				CLANG_WARN_OBJC_IMPLICIT_RETAIN_SELF = YES;
				CLANG_WARN_OBJC_LITERAL_CONVERSION = YES;
				CLANG_WARN_OBJC_ROOT_CLASS = YES_ERROR;
				CLANG_WARN_QUOTED_INCLUDE_IN_FRAMEWORK_HEADER = YES;
				CLANG_WARN_RANGE_LOOP_ANALYSIS = YES;
				CLANG_WARN_STRICT_PROTOTYPES = YES;
				CLANG_WARN_SUSPICIOUS_MOVE = YES;
				CLANG_WARN_UNGUARDED_AVAILABILITY = YES_AGGRESSIVE;
				CLANG_WARN_UNREACHABLE_CODE = YES;
				CLANG_WARN__DUPLICATE_METHOD_MATCH = YES;
				COPY_PHASE_STRIP = NO;
				DEBUG_INFORMATION_FORMAT = dwarf;
				ENABLE_STRICT_OBJC_MSGSEND = YES;
				ENABLE_TESTABILITY = YES;
				GCC_C_LANGUAGE_STANDARD = gnu11;
				GCC_DYNAMIC_NO_PIC = NO;
				GCC_NO_COMMON_BLOCKS = YES;
				GCC_OPTIMIZATION_LEVEL = 0;
				GCC_PREPROCESSOR_DEFINITIONS = (
					"DEBUG=1",
					"$(inherited)",
				);
				GCC_WARN_64_TO_32_BIT_CONVERSION = YES;
				GCC_WARN_ABOUT_RETURN_TYPE = YES_ERROR;
				GCC_WARN_UNDECLARED_SELECTOR = YES;
				GCC_WARN_UNINITIALIZED_AUTOS = YES_AGGRESSIVE;
				GCC_WARN_UNUSED_FUNCTION = YES;
				GCC_WARN_UNUSED_VARIABLE = YES;
				IPHONEOS_DEPLOYMENT_TARGET = 14.5;
				MTL_ENABLE_DEBUG_INFO = INCLUDE_SOURCE;
				MTL_FAST_MATH = YES;
				ONLY_ACTIVE_ARCH = YES;
				SDKROOT = iphoneos;
				SWIFT_ACTIVE_COMPILATION_CONDITIONS = DEBUG;
				SWIFT_OPTIMIZATION_LEVEL = "-Onone";
			};
			name = Debug;
		};
		B5690E14268B0D89008D93F8 /* Release */ = {
			isa = XCBuildConfiguration;
			buildSettings = {
				ALWAYS_SEARCH_USER_PATHS = NO;
				CLANG_ANALYZER_NONNULL = YES;
				CLANG_ANALYZER_NUMBER_OBJECT_CONVERSION = YES_AGGRESSIVE;
				CLANG_CXX_LANGUAGE_STANDARD = "gnu++14";
				CLANG_CXX_LIBRARY = "libc++";
				CLANG_ENABLE_MODULES = YES;
				CLANG_ENABLE_OBJC_ARC = YES;
				CLANG_ENABLE_OBJC_WEAK = YES;
				CLANG_WARN_BLOCK_CAPTURE_AUTORELEASING = YES;
				CLANG_WARN_BOOL_CONVERSION = YES;
				CLANG_WARN_COMMA = YES;
				CLANG_WARN_CONSTANT_CONVERSION = YES;
				CLANG_WARN_DEPRECATED_OBJC_IMPLEMENTATIONS = YES;
				CLANG_WARN_DIRECT_OBJC_ISA_USAGE = YES_ERROR;
				CLANG_WARN_DOCUMENTATION_COMMENTS = YES;
				CLANG_WARN_EMPTY_BODY = YES;
				CLANG_WARN_ENUM_CONVERSION = YES;
				CLANG_WARN_INFINITE_RECURSION = YES;
				CLANG_WARN_INT_CONVERSION = YES;
				CLANG_WARN_NON_LITERAL_NULL_CONVERSION = YES;
				CLANG_WARN_OBJC_IMPLICIT_RETAIN_SELF = YES;
				CLANG_WARN_OBJC_LITERAL_CONVERSION = YES;
				CLANG_WARN_OBJC_ROOT_CLASS = YES_ERROR;
				CLANG_WARN_QUOTED_INCLUDE_IN_FRAMEWORK_HEADER = YES;
				CLANG_WARN_RANGE_LOOP_ANALYSIS = YES;
				CLANG_WARN_STRICT_PROTOTYPES = YES;
				CLANG_WARN_SUSPICIOUS_MOVE = YES;
				CLANG_WARN_UNGUARDED_AVAILABILITY = YES_AGGRESSIVE;
				CLANG_WARN_UNREACHABLE_CODE = YES;
				CLANG_WARN__DUPLICATE_METHOD_MATCH = YES;
				COPY_PHASE_STRIP = NO;
				DEBUG_INFORMATION_FORMAT = "dwarf-with-dsym";
				ENABLE_NS_ASSERTIONS = NO;
				ENABLE_STRICT_OBJC_MSGSEND = YES;
				GCC_C_LANGUAGE_STANDARD = gnu11;
				GCC_NO_COMMON_BLOCKS = YES;
				GCC_WARN_64_TO_32_BIT_CONVERSION = YES;
				GCC_WARN_ABOUT_RETURN_TYPE = YES_ERROR;
				GCC_WARN_UNDECLARED_SELECTOR = YES;
				GCC_WARN_UNINITIALIZED_AUTOS = YES_AGGRESSIVE;
				GCC_WARN_UNUSED_FUNCTION = YES;
				GCC_WARN_UNUSED_VARIABLE = YES;
				IPHONEOS_DEPLOYMENT_TARGET = 14.5;
				MTL_ENABLE_DEBUG_INFO = NO;
				MTL_FAST_MATH = YES;
				SDKROOT = iphoneos;
				SWIFT_COMPILATION_MODE = wholemodule;
				SWIFT_OPTIMIZATION_LEVEL = "-O";
				VALIDATE_PRODUCT = YES;
			};
			name = Release;
		};
		B5690E16268B0D89008D93F8 /* Debug */ = {
			isa = XCBuildConfiguration;
			buildSettings = {
				ASSETCATALOG_COMPILER_APPICON_NAME = AppIcon;
				ASSETCATALOG_COMPILER_GLOBAL_ACCENT_COLOR_NAME = AccentColor;
				CODE_SIGN_STYLE = Automatic;
				DEVELOPMENT_TEAM = 4DQD7HY3MS;
				INFOPLIST_FILE = Twitter/Info.plist;
				LD_RUNPATH_SEARCH_PATHS = (
					"$(inherited)",
					"@executable_path/Frameworks",
				);
				PRODUCT_BUNDLE_IDENTIFIER = mustdev.Twitter;
				PRODUCT_NAME = "$(TARGET_NAME)";
				SWIFT_VERSION = 5.0;
				TARGETED_DEVICE_FAMILY = "1,2";
			};
			name = Debug;
		};
		B5690E17268B0D89008D93F8 /* Release */ = {
			isa = XCBuildConfiguration;
			buildSettings = {
				ASSETCATALOG_COMPILER_APPICON_NAME = AppIcon;
				ASSETCATALOG_COMPILER_GLOBAL_ACCENT_COLOR_NAME = AccentColor;
				CODE_SIGN_STYLE = Automatic;
				DEVELOPMENT_TEAM = 4DQD7HY3MS;
				INFOPLIST_FILE = Twitter/Info.plist;
				LD_RUNPATH_SEARCH_PATHS = (
					"$(inherited)",
					"@executable_path/Frameworks",
				);
				PRODUCT_BUNDLE_IDENTIFIER = mustdev.Twitter;
				PRODUCT_NAME = "$(TARGET_NAME)";
				SWIFT_VERSION = 5.0;
				TARGETED_DEVICE_FAMILY = "1,2";
			};
			name = Release;
		};
/* End XCBuildConfiguration section */

/* Begin XCConfigurationList section */
		B5690DFC268B0D88008D93F8 /* Build configuration list for PBXProject "Twitter" */ = {
			isa = XCConfigurationList;
			buildConfigurations = (
				B5690E13268B0D89008D93F8 /* Debug */,
				B5690E14268B0D89008D93F8 /* Release */,
			);
			defaultConfigurationIsVisible = 0;
			defaultConfigurationName = Release;
		};
		B5690E15268B0D89008D93F8 /* Build configuration list for PBXNativeTarget "Twitter" */ = {
			isa = XCConfigurationList;
			buildConfigurations = (
				B5690E16268B0D89008D93F8 /* Debug */,
				B5690E17268B0D89008D93F8 /* Release */,
			);
			defaultConfigurationIsVisible = 0;
			defaultConfigurationName = Release;
		};
/* End XCConfigurationList section */
	};
	rootObject = B5690DF9268B0D88008D93F8 /* Project object */;
}
